// !$*UTF8*$!
{
	archiveVersion = 1;
	classes = {
	};
	objectVersion = 51;
	objects = {

/* Begin PBXBuildFile section */
		0915A42A22FC1DFC002536CF /* NewUserController.swift in Sources */ = {isa = PBXBuildFile; fileRef = 0915A42922FC1DFC002536CF /* NewUserController.swift */; };
		094006D12302F291008076C0 /* RegistrationModel.swift in Sources */ = {isa = PBXBuildFile; fileRef = 094006D02302F291008076C0 /* RegistrationModel.swift */; };
		094006D42306D294008076C0 /* AddNewUserService.swift in Sources */ = {isa = PBXBuildFile; fileRef = 094006D32306D294008076C0 /* AddNewUserService.swift */; };
		094ED0FD230C9A9500B43274 /* UserSendNewRequestService.swift in Sources */ = {isa = PBXBuildFile; fileRef = 094ED0FC230C9A9500B43274 /* UserSendNewRequestService.swift */; };
		096653E1230151F000D833E8 /* LoginService.swift in Sources */ = {isa = PBXBuildFile; fileRef = 096653E0230151F000D833E8 /* LoginService.swift */; };
		096653E3230175C500D833E8 /* UIViewController+LoadingScreen.swift in Sources */ = {isa = PBXBuildFile; fileRef = 096653E2230175C500D833E8 /* UIViewController+LoadingScreen.swift */; };
		096653E523017AA900D833E8 /* UIViewController+Alert.swift in Sources */ = {isa = PBXBuildFile; fileRef = 096653E423017AA900D833E8 /* UIViewController+Alert.swift */; };
		096653E72301870F00D833E8 /* UserNewsFeedViewController.swift in Sources */ = {isa = PBXBuildFile; fileRef = 096653E62301870F00D833E8 /* UserNewsFeedViewController.swift */; };
		096653E92301A68400D833E8 /* AdminNewsFeedViewController.swift in Sources */ = {isa = PBXBuildFile; fileRef = 096653E82301A68400D833E8 /* AdminNewsFeedViewController.swift */; };
		09755D7A22F2C2F000D90957 /* UITextField+SetBottomBorder.swift in Sources */ = {isa = PBXBuildFile; fileRef = 09755D7922F2C2F000D90957 /* UITextField+SetBottomBorder.swift */; };
		09755D7C22F3375500D90957 /* Keys.swift in Sources */ = {isa = PBXBuildFile; fileRef = 09755D7B22F3375500D90957 /* Keys.swift */; };
		099D20D722FDC4B500E25894 /* MD5Coding.swift in Sources */ = {isa = PBXBuildFile; fileRef = 099D20D622FDC4B500E25894 /* MD5Coding.swift */; };
		099D20D922FDD59000E25894 /* RegistrationService.swift in Sources */ = {isa = PBXBuildFile; fileRef = 099D20D822FDD59000E25894 /* RegistrationService.swift */; };
		09B9BA6722F9DC9B004FFA1F /* UserNewsFeed.storyboard in Resources */ = {isa = PBXBuildFile; fileRef = 09B9BA6622F9DC9B004FFA1F /* UserNewsFeed.storyboard */; };
		09B9BA6922F9DDD5004FFA1F /* Requests.storyboard in Resources */ = {isa = PBXBuildFile; fileRef = 09B9BA6822F9DDD5004FFA1F /* Requests.storyboard */; };
		09B9BA6B22F9DEC3004FFA1F /* Profile.storyboard in Resources */ = {isa = PBXBuildFile; fileRef = 09B9BA6A22F9DEC3004FFA1F /* Profile.storyboard */; };
		09B9BA6E22F9E0C0004FFA1F /* NewsFeed.storyboard in Resources */ = {isa = PBXBuildFile; fileRef = 09B9BA6D22F9E0C0004FFA1F /* NewsFeed.storyboard */; };
		09B9BA7022F9E13C004FFA1F /* AdminRequests.storyboard in Resources */ = {isa = PBXBuildFile; fileRef = 09B9BA6F22F9E13C004FFA1F /* AdminRequests.storyboard */; };
		09B9BA7222F9E1A5004FFA1F /* NewUser.storyboard in Resources */ = {isa = PBXBuildFile; fileRef = 09B9BA7122F9E1A5004FFA1F /* NewUser.storyboard */; };
		09B9BA7422F9E204004FFA1F /* AdminProfle.storyboard in Resources */ = {isa = PBXBuildFile; fileRef = 09B9BA7322F9E204004FFA1F /* AdminProfle.storyboard */; };
		09B9BA8022FB44FE004FFA1F /* UsersViewController.swift in Sources */ = {isa = PBXBuildFile; fileRef = 09B9BA7F22FB44FE004FFA1F /* UsersViewController.swift */; };
		09B9BA8222FB45F2004FFA1F /* UserCell.swift in Sources */ = {isa = PBXBuildFile; fileRef = 09B9BA8122FB45F2004FFA1F /* UserCell.swift */; };
		09C8092122F01CB30003674B /* LoginViewController.swift in Sources */ = {isa = PBXBuildFile; fileRef = 09C8092022F01CB30003674B /* LoginViewController.swift */; };
		09C8092522F039CE0003674B /* News.swift in Sources */ = {isa = PBXBuildFile; fileRef = 09C8092422F039CE0003674B /* News.swift */; };
		09C8092722F03BE20003674B /* RealmManager.swift in Sources */ = {isa = PBXBuildFile; fileRef = 09C8092622F03BE20003674B /* RealmManager.swift */; };
		09D1B3F723087B0D00B4A308 /* APIUsers.swift in Sources */ = {isa = PBXBuildFile; fileRef = 09D1B3F623087B0D00B4A308 /* APIUsers.swift */; };
		09D1B3FA2308884400B4A308 /* MainTabBarController.swift in Sources */ = {isa = PBXBuildFile; fileRef = 09D1B3F92308884400B4A308 /* MainTabBarController.swift */; };
		09DE2944230ABA6500239AE5 /* NewsFeedNewRequestViewController.swift in Sources */ = {isa = PBXBuildFile; fileRef = 09DE2943230ABA6500239AE5 /* NewsFeedNewRequestViewController.swift */; };
		09DE2946230B162300239AE5 /* AddNewFeedViewController.swift in Sources */ = {isa = PBXBuildFile; fileRef = 09DE2945230B162200239AE5 /* AddNewFeedViewController.swift */; };
		09DE2948230B1DA700239AE5 /* UITextView+SetBottomBorder.swift in Sources */ = {isa = PBXBuildFile; fileRef = 09DE2947230B1DA700239AE5 /* UITextView+SetBottomBorder.swift */; };
		09E78E8022EECD9B005F5390 /* AppDelegate.swift in Sources */ = {isa = PBXBuildFile; fileRef = 09E78E7F22EECD9B005F5390 /* AppDelegate.swift */; };
		09E78E8222EECD9B005F5390 /* FirstLoginViewController.swift in Sources */ = {isa = PBXBuildFile; fileRef = 09E78E8122EECD9B005F5390 /* FirstLoginViewController.swift */; };
		09E78E8522EECD9B005F5390 /* Main.storyboard in Resources */ = {isa = PBXBuildFile; fileRef = 09E78E8322EECD9B005F5390 /* Main.storyboard */; };
		09E78E8722EECD9B005F5390 /* Assets.xcassets in Resources */ = {isa = PBXBuildFile; fileRef = 09E78E8622EECD9B005F5390 /* Assets.xcassets */; };
		09E78E8A22EECD9B005F5390 /* LaunchScreen.storyboard in Resources */ = {isa = PBXBuildFile; fileRef = 09E78E8822EECD9B005F5390 /* LaunchScreen.storyboard */; };
		09E78E9622EEE793005F5390 /* RegistrationViewController.swift in Sources */ = {isa = PBXBuildFile; fileRef = 09E78E9522EEE793005F5390 /* RegistrationViewController.swift */; };
		09E78E9822EF017D005F5390 /* UIButtonWithGradient.swift in Sources */ = {isa = PBXBuildFile; fileRef = 09E78E9722EF017D005F5390 /* UIButtonWithGradient.swift */; };
		EDE916605C9887DCFC2FF0F9 /* Pods_MojGrad.framework in Frameworks */ = {isa = PBXBuildFile; fileRef = 6BFF5B0E76527D2EF3467D3F /* Pods_MojGrad.framework */; };
/* End PBXBuildFile section */

/* Begin PBXFileReference section */
		0915A42922FC1DFC002536CF /* NewUserController.swift */ = {isa = PBXFileReference; lastKnownFileType = sourcecode.swift; path = NewUserController.swift; sourceTree = "<group>"; };
		094006D02302F291008076C0 /* RegistrationModel.swift */ = {isa = PBXFileReference; lastKnownFileType = sourcecode.swift; path = RegistrationModel.swift; sourceTree = "<group>"; };
		094006D32306D294008076C0 /* AddNewUserService.swift */ = {isa = PBXFileReference; lastKnownFileType = sourcecode.swift; path = AddNewUserService.swift; sourceTree = "<group>"; };
		094ED0FC230C9A9500B43274 /* UserSendNewRequestService.swift */ = {isa = PBXFileReference; lastKnownFileType = sourcecode.swift; path = UserSendNewRequestService.swift; sourceTree = "<group>"; };
		096653E0230151F000D833E8 /* LoginService.swift */ = {isa = PBXFileReference; lastKnownFileType = sourcecode.swift; path = LoginService.swift; sourceTree = "<group>"; };
		096653E2230175C500D833E8 /* UIViewController+LoadingScreen.swift */ = {isa = PBXFileReference; lastKnownFileType = sourcecode.swift; path = "UIViewController+LoadingScreen.swift"; sourceTree = "<group>"; };
		096653E423017AA900D833E8 /* UIViewController+Alert.swift */ = {isa = PBXFileReference; lastKnownFileType = sourcecode.swift; path = "UIViewController+Alert.swift"; sourceTree = "<group>"; };
		096653E62301870F00D833E8 /* UserNewsFeedViewController.swift */ = {isa = PBXFileReference; lastKnownFileType = sourcecode.swift; path = UserNewsFeedViewController.swift; sourceTree = "<group>"; };
		096653E82301A68400D833E8 /* AdminNewsFeedViewController.swift */ = {isa = PBXFileReference; lastKnownFileType = sourcecode.swift; path = AdminNewsFeedViewController.swift; sourceTree = "<group>"; };
		09755D7922F2C2F000D90957 /* UITextField+SetBottomBorder.swift */ = {isa = PBXFileReference; lastKnownFileType = sourcecode.swift; path = "UITextField+SetBottomBorder.swift"; sourceTree = "<group>"; };
		09755D7B22F3375500D90957 /* Keys.swift */ = {isa = PBXFileReference; lastKnownFileType = sourcecode.swift; path = Keys.swift; sourceTree = "<group>"; };
		099D20D622FDC4B500E25894 /* MD5Coding.swift */ = {isa = PBXFileReference; lastKnownFileType = sourcecode.swift; path = MD5Coding.swift; sourceTree = "<group>"; };
		099D20D822FDD59000E25894 /* RegistrationService.swift */ = {isa = PBXFileReference; lastKnownFileType = sourcecode.swift; path = RegistrationService.swift; sourceTree = "<group>"; };
		09B9BA6622F9DC9B004FFA1F /* UserNewsFeed.storyboard */ = {isa = PBXFileReference; lastKnownFileType = file.storyboard; path = UserNewsFeed.storyboard; sourceTree = "<group>"; };
		09B9BA6822F9DDD5004FFA1F /* Requests.storyboard */ = {isa = PBXFileReference; lastKnownFileType = file.storyboard; path = Requests.storyboard; sourceTree = "<group>"; };
		09B9BA6A22F9DEC3004FFA1F /* Profile.storyboard */ = {isa = PBXFileReference; lastKnownFileType = file.storyboard; path = Profile.storyboard; sourceTree = "<group>"; };
		09B9BA6D22F9E0C0004FFA1F /* NewsFeed.storyboard */ = {isa = PBXFileReference; lastKnownFileType = file.storyboard; path = NewsFeed.storyboard; sourceTree = "<group>"; };
		09B9BA6F22F9E13C004FFA1F /* AdminRequests.storyboard */ = {isa = PBXFileReference; lastKnownFileType = file.storyboard; path = AdminRequests.storyboard; sourceTree = "<group>"; };
		09B9BA7122F9E1A5004FFA1F /* NewUser.storyboard */ = {isa = PBXFileReference; lastKnownFileType = file.storyboard; path = NewUser.storyboard; sourceTree = "<group>"; };
		09B9BA7322F9E204004FFA1F /* AdminProfle.storyboard */ = {isa = PBXFileReference; lastKnownFileType = file.storyboard; path = AdminProfle.storyboard; sourceTree = "<group>"; };
		09B9BA7F22FB44FE004FFA1F /* UsersViewController.swift */ = {isa = PBXFileReference; lastKnownFileType = sourcecode.swift; path = UsersViewController.swift; sourceTree = "<group>"; };
		09B9BA8122FB45F2004FFA1F /* UserCell.swift */ = {isa = PBXFileReference; lastKnownFileType = sourcecode.swift; path = UserCell.swift; sourceTree = "<group>"; };
		09C8092022F01CB30003674B /* LoginViewController.swift */ = {isa = PBXFileReference; lastKnownFileType = sourcecode.swift; path = LoginViewController.swift; sourceTree = "<group>"; };
		09C8092422F039CE0003674B /* News.swift */ = {isa = PBXFileReference; lastKnownFileType = sourcecode.swift; path = News.swift; sourceTree = "<group>"; };
		09C8092622F03BE20003674B /* RealmManager.swift */ = {isa = PBXFileReference; lastKnownFileType = sourcecode.swift; path = RealmManager.swift; sourceTree = "<group>"; };
		09D1B3F623087B0D00B4A308 /* APIUsers.swift */ = {isa = PBXFileReference; lastKnownFileType = sourcecode.swift; path = APIUsers.swift; sourceTree = "<group>"; };
		09D1B3F92308884400B4A308 /* MainTabBarController.swift */ = {isa = PBXFileReference; lastKnownFileType = sourcecode.swift; path = MainTabBarController.swift; sourceTree = "<group>"; };
		09DE2943230ABA6500239AE5 /* NewsFeedNewRequestViewController.swift */ = {isa = PBXFileReference; lastKnownFileType = sourcecode.swift; path = NewsFeedNewRequestViewController.swift; sourceTree = "<group>"; };
		09DE2945230B162200239AE5 /* AddNewFeedViewController.swift */ = {isa = PBXFileReference; lastKnownFileType = sourcecode.swift; path = AddNewFeedViewController.swift; sourceTree = "<group>"; };
		09DE2947230B1DA700239AE5 /* UITextView+SetBottomBorder.swift */ = {isa = PBXFileReference; lastKnownFileType = sourcecode.swift; path = "UITextView+SetBottomBorder.swift"; sourceTree = "<group>"; };
		09E78E7C22EECD9B005F5390 /* MojGrad.app */ = {isa = PBXFileReference; explicitFileType = wrapper.application; includeInIndex = 0; path = MojGrad.app; sourceTree = BUILT_PRODUCTS_DIR; };
		09E78E7F22EECD9B005F5390 /* AppDelegate.swift */ = {isa = PBXFileReference; lastKnownFileType = sourcecode.swift; path = AppDelegate.swift; sourceTree = "<group>"; };
		09E78E8122EECD9B005F5390 /* FirstLoginViewController.swift */ = {isa = PBXFileReference; lastKnownFileType = sourcecode.swift; path = FirstLoginViewController.swift; sourceTree = "<group>"; };
		09E78E8422EECD9B005F5390 /* Base */ = {isa = PBXFileReference; lastKnownFileType = file.storyboard; name = Base; path = Base.lproj/Main.storyboard; sourceTree = "<group>"; };
		09E78E8622EECD9B005F5390 /* Assets.xcassets */ = {isa = PBXFileReference; lastKnownFileType = folder.assetcatalog; path = Assets.xcassets; sourceTree = "<group>"; };
		09E78E8922EECD9B005F5390 /* Base */ = {isa = PBXFileReference; lastKnownFileType = file.storyboard; name = Base; path = Base.lproj/LaunchScreen.storyboard; sourceTree = "<group>"; };
		09E78E8B22EECD9B005F5390 /* Info.plist */ = {isa = PBXFileReference; lastKnownFileType = text.plist.xml; path = Info.plist; sourceTree = "<group>"; };
		09E78E9522EEE793005F5390 /* RegistrationViewController.swift */ = {isa = PBXFileReference; lastKnownFileType = sourcecode.swift; path = RegistrationViewController.swift; sourceTree = "<group>"; };
		09E78E9722EF017D005F5390 /* UIButtonWithGradient.swift */ = {isa = PBXFileReference; lastKnownFileType = sourcecode.swift; path = UIButtonWithGradient.swift; sourceTree = "<group>"; };
		6BFF5B0E76527D2EF3467D3F /* Pods_MojGrad.framework */ = {isa = PBXFileReference; explicitFileType = wrapper.framework; includeInIndex = 0; path = Pods_MojGrad.framework; sourceTree = BUILT_PRODUCTS_DIR; };
		8BD94260DA189955DF85243B /* Pods-MojGrad.debug.xcconfig */ = {isa = PBXFileReference; includeInIndex = 1; lastKnownFileType = text.xcconfig; name = "Pods-MojGrad.debug.xcconfig"; path = "Target Support Files/Pods-MojGrad/Pods-MojGrad.debug.xcconfig"; sourceTree = "<group>"; };
		8EE5526CD0C4C961211E6B14 /* Pods-MojGrad.release.xcconfig */ = {isa = PBXFileReference; includeInIndex = 1; lastKnownFileType = text.xcconfig; name = "Pods-MojGrad.release.xcconfig"; path = "Target Support Files/Pods-MojGrad/Pods-MojGrad.release.xcconfig"; sourceTree = "<group>"; };
/* End PBXFileReference section */

/* Begin PBXFrameworksBuildPhase section */
		09E78E7922EECD9B005F5390 /* Frameworks */ = {
			isa = PBXFrameworksBuildPhase;
			buildActionMask = 2147483647;
			files = (
				EDE916605C9887DCFC2FF0F9 /* Pods_MojGrad.framework in Frameworks */,
			);
			runOnlyForDeploymentPostprocessing = 0;
		};
/* End PBXFrameworksBuildPhase section */

/* Begin PBXGroup section */
		099D20D022FDBF3D00E25894 /* Extensions */ = {
			isa = PBXGroup;
			children = (
				09E78E9722EF017D005F5390 /* UIButtonWithGradient.swift */,
				09755D7922F2C2F000D90957 /* UITextField+SetBottomBorder.swift */,
				09DE2947230B1DA700239AE5 /* UITextView+SetBottomBorder.swift */,
				096653E2230175C500D833E8 /* UIViewController+LoadingScreen.swift */,
				096653E423017AA900D833E8 /* UIViewController+Alert.swift */,
				099D20D622FDC4B500E25894 /* MD5Coding.swift */,
			);
			path = Extensions;
			sourceTree = "<group>";
		};
		09B9BA6322F9DAAB004FFA1F /* KorisnikStoryboards */ = {
			isa = PBXGroup;
			children = (
				09B9BA6622F9DC9B004FFA1F /* UserNewsFeed.storyboard */,
				09B9BA6822F9DDD5004FFA1F /* Requests.storyboard */,
				09B9BA6A22F9DEC3004FFA1F /* Profile.storyboard */,
			);
			path = KorisnikStoryboards;
			sourceTree = "<group>";
		};
		09B9BA6C22F9E080004FFA1F /* AdminStoryboards */ = {
			isa = PBXGroup;
			children = (
				09B9BA6D22F9E0C0004FFA1F /* NewsFeed.storyboard */,
				09B9BA6F22F9E13C004FFA1F /* AdminRequests.storyboard */,
				09B9BA7122F9E1A5004FFA1F /* NewUser.storyboard */,
				09B9BA7322F9E204004FFA1F /* AdminProfle.storyboard */,
			);
			path = AdminStoryboards;
			sourceTree = "<group>";
		};
		09C8092222F021850003674B /* Views */ = {
			isa = PBXGroup;
			children = (
				09D1B3F82308854500B4A308 /* Cells */,
				09B9BA6322F9DAAB004FFA1F /* KorisnikStoryboards */,
				09B9BA6C22F9E080004FFA1F /* AdminStoryboards */,
				09E78E8322EECD9B005F5390 /* Main.storyboard */,
				09E78E8822EECD9B005F5390 /* LaunchScreen.storyboard */,
			);
			path = Views;
			sourceTree = "<group>";
		};
		09C8092322F0374B0003674B /* Database */ = {
			isa = PBXGroup;
			children = (
				09C8092422F039CE0003674B /* News.swift */,
				09C8092622F03BE20003674B /* RealmManager.swift */,
			);
			path = Database;
			sourceTree = "<group>";
		};
		09D1B3F82308854500B4A308 /* Cells */ = {
			isa = PBXGroup;
			children = (
				09B9BA8122FB45F2004FFA1F /* UserCell.swift */,
			);
			path = Cells;
			sourceTree = "<group>";
		};
		09E78E7322EECD9B005F5390 = {
			isa = PBXGroup;
			children = (
				09E78E7E22EECD9B005F5390 /* MojGrad */,
				09E78E7D22EECD9B005F5390 /* Products */,
				97A682D45BD4820BB70D1D5D /* Pods */,
				E67CEFB29EEBA96A1EEB27BB /* Frameworks */,
			);
			sourceTree = "<group>";
		};
		09E78E7D22EECD9B005F5390 /* Products */ = {
			isa = PBXGroup;
			children = (
				09E78E7C22EECD9B005F5390 /* MojGrad.app */,
			);
			name = Products;
			sourceTree = "<group>";
		};
		09E78E7E22EECD9B005F5390 /* MojGrad */ = {
			isa = PBXGroup;
			children = (
				09E78E9322EECDC9005F5390 /* Services */,
				099D20D022FDBF3D00E25894 /* Extensions */,
				09C8092322F0374B0003674B /* Database */,
				09E78E9122EECDB5005F5390 /* Models */,
				09E78E9422EECDEE005F5390 /* Controllers */,
				09C8092222F021850003674B /* Views */,
				09E78E8622EECD9B005F5390 /* Assets.xcassets */,
				09E78E8B22EECD9B005F5390 /* Info.plist */,
			);
			path = MojGrad;
			sourceTree = "<group>";
		};
		09E78E9122EECDB5005F5390 /* Models */ = {
			isa = PBXGroup;
			children = (
				09755D7B22F3375500D90957 /* Keys.swift */,
				094006D02302F291008076C0 /* RegistrationModel.swift */,
			);
			path = Models;
			sourceTree = "<group>";
		};
		09E78E9322EECDC9005F5390 /* Services */ = {
			isa = PBXGroup;
			children = (
				099D20D822FDD59000E25894 /* RegistrationService.swift */,
				096653E0230151F000D833E8 /* LoginService.swift */,
				094006D32306D294008076C0 /* AddNewUserService.swift */,
				09D1B3F623087B0D00B4A308 /* APIUsers.swift */,
				094ED0FC230C9A9500B43274 /* UserSendNewRequestService.swift */,
			);
			path = Services;
			sourceTree = "<group>";
		};
		09E78E9422EECDEE005F5390 /* Controllers */ = {
			isa = PBXGroup;
			children = (
				09E78E7F22EECD9B005F5390 /* AppDelegate.swift */,
				09E78E8122EECD9B005F5390 /* FirstLoginViewController.swift */,
				09C8092022F01CB30003674B /* LoginViewController.swift */,
				09E78E9522EEE793005F5390 /* RegistrationViewController.swift */,
				09B9BA7F22FB44FE004FFA1F /* UsersViewController.swift */,
				0915A42922FC1DFC002536CF /* NewUserController.swift */,
				096653E62301870F00D833E8 /* UserNewsFeedViewController.swift */,
				096653E82301A68400D833E8 /* AdminNewsFeedViewController.swift */,
				09D1B3F92308884400B4A308 /* MainTabBarController.swift */,
				09DE2943230ABA6500239AE5 /* NewsFeedNewRequestViewController.swift */,
				09DE2945230B162200239AE5 /* AddNewFeedViewController.swift */,
			);
			path = Controllers;
			sourceTree = "<group>";
		};
		97A682D45BD4820BB70D1D5D /* Pods */ = {
			isa = PBXGroup;
			children = (
				8BD94260DA189955DF85243B /* Pods-MojGrad.debug.xcconfig */,
				8EE5526CD0C4C961211E6B14 /* Pods-MojGrad.release.xcconfig */,
			);
			path = Pods;
			sourceTree = "<group>";
		};
		E67CEFB29EEBA96A1EEB27BB /* Frameworks */ = {
			isa = PBXGroup;
			children = (
				6BFF5B0E76527D2EF3467D3F /* Pods_MojGrad.framework */,
			);
			name = Frameworks;
			sourceTree = "<group>";
		};
/* End PBXGroup section */

/* Begin PBXNativeTarget section */
		09E78E7B22EECD9B005F5390 /* MojGrad */ = {
			isa = PBXNativeTarget;
			buildConfigurationList = 09E78E8E22EECD9B005F5390 /* Build configuration list for PBXNativeTarget "MojGrad" */;
			buildPhases = (
				8CEE23370A2BD0F51BF4C319 /* [CP] Check Pods Manifest.lock */,
				09E78E7822EECD9B005F5390 /* Sources */,
				09E78E7922EECD9B005F5390 /* Frameworks */,
				09E78E7A22EECD9B005F5390 /* Resources */,
				163E35E02E8FF8EA4C307850 /* [CP] Embed Pods Frameworks */,
				F7BCCC9D2226B6F408A40F6E /* [CP] Copy Pods Resources */,
			);
			buildRules = (
			);
			dependencies = (
			);
			name = MojGrad;
			productName = MojGrad;
			productReference = 09E78E7C22EECD9B005F5390 /* MojGrad.app */;
			productType = "com.apple.product-type.application";
		};
/* End PBXNativeTarget section */

/* Begin PBXProject section */
		09E78E7422EECD9B005F5390 /* Project object */ = {
			isa = PBXProject;
			attributes = {
				LastSwiftUpdateCheck = 1030;
				LastUpgradeCheck = 1030;
				ORGANIZATIONNAME = Ja;
				TargetAttributes = {
					09E78E7B22EECD9B005F5390 = {
						CreatedOnToolsVersion = 10.3;
						LastSwiftMigration = 1030;
					};
				};
			};
			buildConfigurationList = 09E78E7722EECD9B005F5390 /* Build configuration list for PBXProject "MojGrad" */;
			compatibilityVersion = "Xcode 9.3";
			developmentRegion = en;
			hasScannedForEncodings = 0;
			knownRegions = (
				en,
				Base,
			);
			mainGroup = 09E78E7322EECD9B005F5390;
			productRefGroup = 09E78E7D22EECD9B005F5390 /* Products */;
			projectDirPath = "";
			projectRoot = "";
			targets = (
				09E78E7B22EECD9B005F5390 /* MojGrad */,
			);
		};
/* End PBXProject section */

/* Begin PBXResourcesBuildPhase section */
		09E78E7A22EECD9B005F5390 /* Resources */ = {
			isa = PBXResourcesBuildPhase;
			buildActionMask = 2147483647;
			files = (
				09E78E8A22EECD9B005F5390 /* LaunchScreen.storyboard in Resources */,
				09B9BA6E22F9E0C0004FFA1F /* NewsFeed.storyboard in Resources */,
				09B9BA6922F9DDD5004FFA1F /* Requests.storyboard in Resources */,
				09B9BA7222F9E1A5004FFA1F /* NewUser.storyboard in Resources */,
				09B9BA6B22F9DEC3004FFA1F /* Profile.storyboard in Resources */,
				09E78E8722EECD9B005F5390 /* Assets.xcassets in Resources */,
				09B9BA7422F9E204004FFA1F /* AdminProfle.storyboard in Resources */,
				09B9BA7022F9E13C004FFA1F /* AdminRequests.storyboard in Resources */,
				09B9BA6722F9DC9B004FFA1F /* UserNewsFeed.storyboard in Resources */,
				09E78E8522EECD9B005F5390 /* Main.storyboard in Resources */,
			);
			runOnlyForDeploymentPostprocessing = 0;
		};
/* End PBXResourcesBuildPhase section */

/* Begin PBXShellScriptBuildPhase section */
		163E35E02E8FF8EA4C307850 /* [CP] Embed Pods Frameworks */ = {
			isa = PBXShellScriptBuildPhase;
			buildActionMask = 2147483647;
			files = (
			);
			inputFileListPaths = (
				"${PODS_ROOT}/Target Support Files/Pods-MojGrad/Pods-MojGrad-frameworks-${CONFIGURATION}-input-files.xcfilelist",
			);
			name = "[CP] Embed Pods Frameworks";
			outputFileListPaths = (
				"${PODS_ROOT}/Target Support Files/Pods-MojGrad/Pods-MojGrad-frameworks-${CONFIGURATION}-output-files.xcfilelist",
			);
			runOnlyForDeploymentPostprocessing = 0;
			shellPath = /bin/sh;
			shellScript = "\"${PODS_ROOT}/Target Support Files/Pods-MojGrad/Pods-MojGrad-frameworks.sh\"\n";
			showEnvVarsInLog = 0;
		};
		8CEE23370A2BD0F51BF4C319 /* [CP] Check Pods Manifest.lock */ = {
			isa = PBXShellScriptBuildPhase;
			buildActionMask = 2147483647;
			files = (
			);
			inputFileListPaths = (
			);
			inputPaths = (
				"${PODS_PODFILE_DIR_PATH}/Podfile.lock",
				"${PODS_ROOT}/Manifest.lock",
			);
			name = "[CP] Check Pods Manifest.lock";
			outputFileListPaths = (
			);
			outputPaths = (
				"$(DERIVED_FILE_DIR)/Pods-MojGrad-checkManifestLockResult.txt",
			);
			runOnlyForDeploymentPostprocessing = 0;
			shellPath = /bin/sh;
			shellScript = "diff \"${PODS_PODFILE_DIR_PATH}/Podfile.lock\" \"${PODS_ROOT}/Manifest.lock\" > /dev/null\nif [ $? != 0 ] ; then\n    # print error to STDERR\n    echo \"error: The sandbox is not in sync with the Podfile.lock. Run 'pod install' or update your CocoaPods installation.\" >&2\n    exit 1\nfi\n# This output is used by Xcode 'outputs' to avoid re-running this script phase.\necho \"SUCCESS\" > \"${SCRIPT_OUTPUT_FILE_0}\"\n";
			showEnvVarsInLog = 0;
		};
		F7BCCC9D2226B6F408A40F6E /* [CP] Copy Pods Resources */ = {
			isa = PBXShellScriptBuildPhase;
			buildActionMask = 2147483647;
			files = (
			);
			inputFileListPaths = (
				"${PODS_ROOT}/Target Support Files/Pods-MojGrad/Pods-MojGrad-resources-${CONFIGURATION}-input-files.xcfilelist",
			);
			name = "[CP] Copy Pods Resources";
			outputFileListPaths = (
				"${PODS_ROOT}/Target Support Files/Pods-MojGrad/Pods-MojGrad-resources-${CONFIGURATION}-output-files.xcfilelist",
			);
			runOnlyForDeploymentPostprocessing = 0;
			shellPath = /bin/sh;
			shellScript = "\"${PODS_ROOT}/Target Support Files/Pods-MojGrad/Pods-MojGrad-resources.sh\"\n";
			showEnvVarsInLog = 0;
		};
/* End PBXShellScriptBuildPhase section */

/* Begin PBXSourcesBuildPhase section */
		09E78E7822EECD9B005F5390 /* Sources */ = {
			isa = PBXSourcesBuildPhase;
			buildActionMask = 2147483647;
			files = (
				096653E1230151F000D833E8 /* LoginService.swift in Sources */,
				096653E3230175C500D833E8 /* UIViewController+LoadingScreen.swift in Sources */,
				09C8092522F039CE0003674B /* News.swift in Sources */,
				09DE2946230B162300239AE5 /* AddNewFeedViewController.swift in Sources */,
				094ED0FD230C9A9500B43274 /* UserSendNewRequestService.swift in Sources */,
				09B9BA8022FB44FE004FFA1F /* UsersViewController.swift in Sources */,
				09DE2944230ABA6500239AE5 /* NewsFeedNewRequestViewController.swift in Sources */,
				09E78E9622EEE793005F5390 /* RegistrationViewController.swift in Sources */,
				09E78E9822EF017D005F5390 /* UIButtonWithGradient.swift in Sources */,
				09D1B3FA2308884400B4A308 /* MainTabBarController.swift in Sources */,
				096653E92301A68400D833E8 /* AdminNewsFeedViewController.swift in Sources */,
				09DE2948230B1DA700239AE5 /* UITextView+SetBottomBorder.swift in Sources */,
				094006D12302F291008076C0 /* RegistrationModel.swift in Sources */,
				09E78E8222EECD9B005F5390 /* FirstLoginViewController.swift in Sources */,
				09C8092122F01CB30003674B /* LoginViewController.swift in Sources */,
				09D1B3F723087B0D00B4A308 /* APIUsers.swift in Sources */,
				099D20D922FDD59000E25894 /* RegistrationService.swift in Sources */,
				0915A42A22FC1DFC002536CF /* NewUserController.swift in Sources */,
				09C8092722F03BE20003674B /* RealmManager.swift in Sources */,
				096653E72301870F00D833E8 /* UserNewsFeedViewController.swift in Sources */,
				09E78E8022EECD9B005F5390 /* AppDelegate.swift in Sources */,
				09755D7C22F3375500D90957 /* Keys.swift in Sources */,
				099D20D722FDC4B500E25894 /* MD5Coding.swift in Sources */,
				096653E523017AA900D833E8 /* UIViewController+Alert.swift in Sources */,
				09755D7A22F2C2F000D90957 /* UITextField+SetBottomBorder.swift in Sources */,
				09B9BA8222FB45F2004FFA1F /* UserCell.swift in Sources */,
				094006D42306D294008076C0 /* AddNewUserService.swift in Sources */,
			);
			runOnlyForDeploymentPostprocessing = 0;
		};
/* End PBXSourcesBuildPhase section */

/* Begin PBXVariantGroup section */
		09E78E8322EECD9B005F5390 /* Main.storyboard */ = {
			isa = PBXVariantGroup;
			children = (
				09E78E8422EECD9B005F5390 /* Base */,
			);
			name = Main.storyboard;
			sourceTree = "<group>";
		};
		09E78E8822EECD9B005F5390 /* LaunchScreen.storyboard */ = {
			isa = PBXVariantGroup;
			children = (
				09E78E8922EECD9B005F5390 /* Base */,
			);
			name = LaunchScreen.storyboard;
			sourceTree = "<group>";
		};
/* End PBXVariantGroup section */

/* Begin XCBuildConfiguration section */
		09E78E8C22EECD9B005F5390 /* Debug */ = {
			isa = XCBuildConfiguration;
			buildSettings = {
				ALWAYS_SEARCH_USER_PATHS = NO;
				CLANG_ANALYZER_NONNULL = YES;
				CLANG_ANALYZER_NUMBER_OBJECT_CONVERSION = YES_AGGRESSIVE;
				CLANG_CXX_LANGUAGE_STANDARD = "gnu++14";
				CLANG_CXX_LIBRARY = "libc++";
				CLANG_ENABLE_MODULES = YES;
				CLANG_ENABLE_OBJC_ARC = YES;
				CLANG_ENABLE_OBJC_WEAK = YES;
				CLANG_WARN_BLOCK_CAPTURE_AUTORELEASING = YES;
				CLANG_WARN_BOOL_CONVERSION = YES;
				CLANG_WARN_COMMA = YES;
				CLANG_WARN_CONSTANT_CONVERSION = YES;
				CLANG_WARN_DEPRECATED_OBJC_IMPLEMENTATIONS = YES;
				CLANG_WARN_DIRECT_OBJC_ISA_USAGE = YES_ERROR;
				CLANG_WARN_DOCUMENTATION_COMMENTS = YES;
				CLANG_WARN_EMPTY_BODY = YES;
				CLANG_WARN_ENUM_CONVERSION = YES;
				CLANG_WARN_INFINITE_RECURSION = YES;
				CLANG_WARN_INT_CONVERSION = YES;
				CLANG_WARN_NON_LITERAL_NULL_CONVERSION = YES;
				CLANG_WARN_OBJC_IMPLICIT_RETAIN_SELF = YES;
				CLANG_WARN_OBJC_LITERAL_CONVERSION = YES;
				CLANG_WARN_OBJC_ROOT_CLASS = YES_ERROR;
				CLANG_WARN_RANGE_LOOP_ANALYSIS = YES;
				CLANG_WARN_STRICT_PROTOTYPES = YES;
				CLANG_WARN_SUSPICIOUS_MOVE = YES;
				CLANG_WARN_UNGUARDED_AVAILABILITY = YES_AGGRESSIVE;
				CLANG_WARN_UNREACHABLE_CODE = YES;
				CLANG_WARN__DUPLICATE_METHOD_MATCH = YES;
				CODE_SIGN_IDENTITY = "iPhone Developer";
				COPY_PHASE_STRIP = NO;
				DEBUG_INFORMATION_FORMAT = dwarf;
				ENABLE_STRICT_OBJC_MSGSEND = YES;
				ENABLE_TESTABILITY = YES;
				GCC_C_LANGUAGE_STANDARD = gnu11;
				GCC_DYNAMIC_NO_PIC = NO;
				GCC_NO_COMMON_BLOCKS = YES;
				GCC_OPTIMIZATION_LEVEL = 0;
				GCC_PREPROCESSOR_DEFINITIONS = (
					"DEBUG=1",
					"$(inherited)",
				);
				GCC_WARN_64_TO_32_BIT_CONVERSION = YES;
				GCC_WARN_ABOUT_RETURN_TYPE = YES_ERROR;
				GCC_WARN_UNDECLARED_SELECTOR = YES;
				GCC_WARN_UNINITIALIZED_AUTOS = YES_AGGRESSIVE;
				GCC_WARN_UNUSED_FUNCTION = YES;
				GCC_WARN_UNUSED_VARIABLE = YES;
				IPHONEOS_DEPLOYMENT_TARGET = 12.4;
				MTL_ENABLE_DEBUG_INFO = INCLUDE_SOURCE;
				MTL_FAST_MATH = YES;
				ONLY_ACTIVE_ARCH = YES;
				SDKROOT = iphoneos;
				SWIFT_ACTIVE_COMPILATION_CONDITIONS = DEBUG;
				SWIFT_OPTIMIZATION_LEVEL = "-Onone";
			};
			name = Debug;
		};
		09E78E8D22EECD9B005F5390 /* Release */ = {
			isa = XCBuildConfiguration;
			buildSettings = {
				ALWAYS_SEARCH_USER_PATHS = NO;
				CLANG_ANALYZER_NONNULL = YES;
				CLANG_ANALYZER_NUMBER_OBJECT_CONVERSION = YES_AGGRESSIVE;
				CLANG_CXX_LANGUAGE_STANDARD = "gnu++14";
				CLANG_CXX_LIBRARY = "libc++";
				CLANG_ENABLE_MODULES = YES;
				CLANG_ENABLE_OBJC_ARC = YES;
				CLANG_ENABLE_OBJC_WEAK = YES;
				CLANG_WARN_BLOCK_CAPTURE_AUTORELEASING = YES;
				CLANG_WARN_BOOL_CONVERSION = YES;
				CLANG_WARN_COMMA = YES;
				CLANG_WARN_CONSTANT_CONVERSION = YES;
				CLANG_WARN_DEPRECATED_OBJC_IMPLEMENTATIONS = YES;
				CLANG_WARN_DIRECT_OBJC_ISA_USAGE = YES_ERROR;
				CLANG_WARN_DOCUMENTATION_COMMENTS = YES;
				CLANG_WARN_EMPTY_BODY = YES;
				CLANG_WARN_ENUM_CONVERSION = YES;
				CLANG_WARN_INFINITE_RECURSION = YES;
				CLANG_WARN_INT_CONVERSION = YES;
				CLANG_WARN_NON_LITERAL_NULL_CONVERSION = YES;
				CLANG_WARN_OBJC_IMPLICIT_RETAIN_SELF = YES;
				CLANG_WARN_OBJC_LITERAL_CONVERSION = YES;
				CLANG_WARN_OBJC_ROOT_CLASS = YES_ERROR;
				CLANG_WARN_RANGE_LOOP_ANALYSIS = YES;
				CLANG_WARN_STRICT_PROTOTYPES = YES;
				CLANG_WARN_SUSPICIOUS_MOVE = YES;
				CLANG_WARN_UNGUARDED_AVAILABILITY = YES_AGGRESSIVE;
				CLANG_WARN_UNREACHABLE_CODE = YES;
				CLANG_WARN__DUPLICATE_METHOD_MATCH = YES;
				CODE_SIGN_IDENTITY = "iPhone Developer";
				COPY_PHASE_STRIP = NO;
				DEBUG_INFORMATION_FORMAT = "dwarf-with-dsym";
				ENABLE_NS_ASSERTIONS = NO;
				ENABLE_STRICT_OBJC_MSGSEND = YES;
				GCC_C_LANGUAGE_STANDARD = gnu11;
				GCC_NO_COMMON_BLOCKS = YES;
				GCC_WARN_64_TO_32_BIT_CONVERSION = YES;
				GCC_WARN_ABOUT_RETURN_TYPE = YES_ERROR;
				GCC_WARN_UNDECLARED_SELECTOR = YES;
				GCC_WARN_UNINITIALIZED_AUTOS = YES_AGGRESSIVE;
				GCC_WARN_UNUSED_FUNCTION = YES;
				GCC_WARN_UNUSED_VARIABLE = YES;
				IPHONEOS_DEPLOYMENT_TARGET = 12.4;
				MTL_ENABLE_DEBUG_INFO = NO;
				MTL_FAST_MATH = YES;
				SDKROOT = iphoneos;
				SWIFT_COMPILATION_MODE = wholemodule;
				SWIFT_OPTIMIZATION_LEVEL = "-O";
				VALIDATE_PRODUCT = YES;
			};
			name = Release;
		};
		09E78E8F22EECD9B005F5390 /* Debug */ = {
			isa = XCBuildConfiguration;
			baseConfigurationReference = 8BD94260DA189955DF85243B /* Pods-MojGrad.debug.xcconfig */;
			buildSettings = {
				ASSETCATALOG_COMPILER_APPICON_NAME = AppIcon;
				CLANG_ENABLE_MODULES = YES;
				CODE_SIGN_STYLE = Automatic;
				DEVELOPMENT_TEAM = 7469ZTA6YS;
				INFOPLIST_FILE = MojGrad/Info.plist;
				IPHONEOS_DEPLOYMENT_TARGET = 11.0;
				LD_RUNPATH_SEARCH_PATHS = (
					"$(inherited)",
					"@executable_path/Frameworks",
				);
				PRODUCT_BUNDLE_IDENTIFIER = com.example.MojGrad;
				PRODUCT_NAME = "$(TARGET_NAME)";
				SWIFT_OPTIMIZATION_LEVEL = "-Onone";
				SWIFT_VERSION = 5.0;
				TARGETED_DEVICE_FAMILY = "1,2";
				USER_HEADER_SEARCH_PATHS = "\"${PODS_ROOT}/BuildHeaders\"/**";
			};
			name = Debug;
		};
		09E78E9022EECD9B005F5390 /* Release */ = {
			isa = XCBuildConfiguration;
			baseConfigurationReference = 8EE5526CD0C4C961211E6B14 /* Pods-MojGrad.release.xcconfig */;
			buildSettings = {
				ASSETCATALOG_COMPILER_APPICON_NAME = AppIcon;
				CLANG_ENABLE_MODULES = YES;
				CODE_SIGN_STYLE = Automatic;
				DEVELOPMENT_TEAM = 7469ZTA6YS;
				INFOPLIST_FILE = MojGrad/Info.plist;
				IPHONEOS_DEPLOYMENT_TARGET = 11.0;
				LD_RUNPATH_SEARCH_PATHS = (
					"$(inherited)",
					"@executable_path/Frameworks",
				);
				PRODUCT_BUNDLE_IDENTIFIER = com.example.MojGrad;
				PRODUCT_NAME = "$(TARGET_NAME)";
				SWIFT_VERSION = 5.0;
				TARGETED_DEVICE_FAMILY = "1,2";
				USER_HEADER_SEARCH_PATHS = "\"${PODS_ROOT}/BuildHeaders\"/**";
			};
			name = Release;
		};
/* End XCBuildConfiguration section */

/* Begin XCConfigurationList section */
		09E78E7722EECD9B005F5390 /* Build configuration list for PBXProject "MojGrad" */ = {
			isa = XCConfigurationList;
			buildConfigurations = (
				09E78E8C22EECD9B005F5390 /* Debug */,
				09E78E8D22EECD9B005F5390 /* Release */,
			);
			defaultConfigurationIsVisible = 0;
			defaultConfigurationName = Release;
		};
		09E78E8E22EECD9B005F5390 /* Build configuration list for PBXNativeTarget "MojGrad" */ = {
			isa = XCConfigurationList;
			buildConfigurations = (
				09E78E8F22EECD9B005F5390 /* Debug */,
				09E78E9022EECD9B005F5390 /* Release */,
			);
			defaultConfigurationIsVisible = 0;
			defaultConfigurationName = Release;
		};
/* End XCConfigurationList section */
	};
	rootObject = 09E78E7422EECD9B005F5390 /* Project object */;
}
